// !$*UTF8*$!
{
	archiveVersion = 1;
	classes = {
	};
	objectVersion = 50;
	objects = {

/* Begin PBXBuildFile section */
		7D338CDD2AFEE28400EC0256 /* SearchApplicationsView.swift in Sources */ = {isa = PBXBuildFile; fileRef = 7D338CDC2AFEE28400EC0256 /* SearchApplicationsView.swift */; };
		7D338CDF2AFEE2A400EC0256 /* SearchApplicationsViewModel.swift in Sources */ = {isa = PBXBuildFile; fileRef = 7D338CDE2AFEE2A400EC0256 /* SearchApplicationsViewModel.swift */; };
		7D338CE12AFFC57800EC0256 /* SearchApplicationsContentView.swift in Sources */ = {isa = PBXBuildFile; fileRef = 7D338CE02AFFC57800EC0256 /* SearchApplicationsContentView.swift */; };
		7D338CE32AFFC62800EC0256 /* SearchApplicationsViewModel+Reduce.swift in Sources */ = {isa = PBXBuildFile; fileRef = 7D338CE22AFFC62800EC0256 /* SearchApplicationsViewModel+Reduce.swift */; };
		7D38FBBD269ECD4800D9E80A /* DataManager+Search.swift in Sources */ = {isa = PBXBuildFile; fileRef = 7D38FBBC269ECD4800D9E80A /* DataManager+Search.swift */; };
		7D9CD6EF269883F1000450E0 /* ApexSearchModule.framework in Frameworks */ = {isa = PBXBuildFile; fileRef = 7D9CD6E5269883F1000450E0 /* ApexSearchModule.framework */; };
		7D9CD6F4269883F1000450E0 /* ApexSearchModuleTests.swift in Sources */ = {isa = PBXBuildFile; fileRef = 7D9CD6F3269883F1000450E0 /* ApexSearchModuleTests.swift */; };
		7D9CD6F6269883F1000450E0 /* ApexSearchModule.h in Headers */ = {isa = PBXBuildFile; fileRef = 7D9CD6E8269883F1000450E0 /* ApexSearchModule.h */; settings = {ATTRIBUTES = (Public, ); }; };
		7D9CD77226988B05000450E0 /* ApexCore.framework in Frameworks */ = {isa = PBXBuildFile; fileRef = 7D9CD77126988B05000450E0 /* ApexCore.framework */; };
		7D9CD77326988B05000450E0 /* ApexCore.framework in Embed Frameworks */ = {isa = PBXBuildFile; fileRef = 7D9CD77126988B05000450E0 /* ApexCore.framework */; settings = {ATTRIBUTES = (CodeSignOnCopy, RemoveHeadersOnCopy, ); }; };
		7D9CD77626988B0D000450E0 /* ApexNetwork.framework in Frameworks */ = {isa = PBXBuildFile; fileRef = 7D9CD77526988B0D000450E0 /* ApexNetwork.framework */; };
		7D9CD77726988B0D000450E0 /* ApexNetwork.framework in Embed Frameworks */ = {isa = PBXBuildFile; fileRef = 7D9CD77526988B0D000450E0 /* ApexNetwork.framework */; settings = {ATTRIBUTES = (CodeSignOnCopy, RemoveHeadersOnCopy, ); }; };
		7D9CD77926988B19000450E0 /* ApexCoreUI.framework in Frameworks */ = {isa = PBXBuildFile; fileRef = 7D9CD77826988B19000450E0 /* ApexCoreUI.framework */; };
		7D9CD77A26988B19000450E0 /* ApexCoreUI.framework in Embed Frameworks */ = {isa = PBXBuildFile; fileRef = 7D9CD77826988B19000450E0 /* ApexCoreUI.framework */; settings = {ATTRIBUTES = (CodeSignOnCopy, RemoveHeadersOnCopy, ); }; };
		7D9CD77C26988B21000450E0 /* ApexConfiguration.framework in Frameworks */ = {isa = PBXBuildFile; fileRef = 7D9CD77B26988B21000450E0 /* ApexConfiguration.framework */; };
		7D9CD77D26988B21000450E0 /* ApexConfiguration.framework in Embed Frameworks */ = {isa = PBXBuildFile; fileRef = 7D9CD77B26988B21000450E0 /* ApexConfiguration.framework */; settings = {ATTRIBUTES = (CodeSignOnCopy, RemoveHeadersOnCopy, ); }; };
		7DA999B2269BA5AD008DDBA9 /* SearchResultRowItem.swift in Sources */ = {isa = PBXBuildFile; fileRef = 7DA999B1269BA5AD008DDBA9 /* SearchResultRowItem.swift */; };
		7DA999B6269BA74C008DDBA9 /* DataRequester+Search.swift in Sources */ = {isa = PBXBuildFile; fileRef = 7DA999B5269BA74C008DDBA9 /* DataRequester+Search.swift */; };
		7DA999B8269CE1A9008DDBA9 /* SearchResultsDTOMapper.swift in Sources */ = {isa = PBXBuildFile; fileRef = 7DA999B7269CE1A9008DDBA9 /* SearchResultsDTOMapper.swift */; };
		7DA999BA269CE1F5008DDBA9 /* SearchResultsDTO.swift in Sources */ = {isa = PBXBuildFile; fileRef = 7DA999B9269CE1F5008DDBA9 /* SearchResultsDTO.swift */; };
		7DA999BF269CE85C008DDBA9 /* SearchResultRow.swift in Sources */ = {isa = PBXBuildFile; fileRef = 7DA999BE269CE85C008DDBA9 /* SearchResultRow.swift */; };
		7DA999C1269CE8A3008DDBA9 /* SearchResultsList.swift in Sources */ = {isa = PBXBuildFile; fileRef = 7DA999C0269CE8A3008DDBA9 /* SearchResultsList.swift */; };
		D5023F50274F089200E10942 /* SelectAppStoreView.swift in Sources */ = {isa = PBXBuildFile; fileRef = D5023F4F274F089200E10942 /* SelectAppStoreView.swift */; };
		D5023F54274F0A4900E10942 /* AppStoreDTO.swift in Sources */ = {isa = PBXBuildFile; fileRef = D5023F53274F0A4900E10942 /* AppStoreDTO.swift */; };
		D5023F56274F0AB000E10942 /* AppStoreLocalRepository.swift in Sources */ = {isa = PBXBuildFile; fileRef = D5023F55274F0AB000E10942 /* AppStoreLocalRepository.swift */; };
		D5023F58274F0B6F00E10942 /* AppStoreManager.swift in Sources */ = {isa = PBXBuildFile; fileRef = D5023F57274F0B6F00E10942 /* AppStoreManager.swift */; };
		D5023F5A274F0BBB00E10942 /* AppStore.swift in Sources */ = {isa = PBXBuildFile; fileRef = D5023F59274F0BBB00E10942 /* AppStore.swift */; };
		D5023F5C274F0CAD00E10942 /* AppStoreDTOMapper.swift in Sources */ = {isa = PBXBuildFile; fileRef = D5023F5B274F0CAD00E10942 /* AppStoreDTOMapper.swift */; };
		D5023F61274F0E7A00E10942 /* AppStoreRow.swift in Sources */ = {isa = PBXBuildFile; fileRef = D5023F60274F0E7A00E10942 /* AppStoreRow.swift */; };
		D5023F66274F0F0A00E10942 /* SelectAppStoreViewModel.swift in Sources */ = {isa = PBXBuildFile; fileRef = D5023F65274F0F0A00E10942 /* SelectAppStoreViewModel.swift */; };
		D5023F6B274FA12400E10942 /* SearchAppsView.swift in Sources */ = {isa = PBXBuildFile; fileRef = D5023F6A274FA12400E10942 /* SearchAppsView.swift */; };
		D5023F6D274FA20200E10942 /* SearchAppsViewModel.swift in Sources */ = {isa = PBXBuildFile; fileRef = D5023F6C274FA20200E10942 /* SearchAppsViewModel.swift */; };
		D5023F6F274FA21200E10942 /* SearchAppsViewModel+Reduce.swift in Sources */ = {isa = PBXBuildFile; fileRef = D5023F6E274FA21200E10942 /* SearchAppsViewModel+Reduce.swift */; };
		D5023F71274FA34E00E10942 /* SearchAppsContentView.swift in Sources */ = {isa = PBXBuildFile; fileRef = D5023F70274FA34E00E10942 /* SearchAppsContentView.swift */; };
		D5B9FB5D274AD0D500E6DE6A /* ApexStoreModule.framework in Frameworks */ = {isa = PBXBuildFile; fileRef = D5B9FB5C274AD0D500E6DE6A /* ApexStoreModule.framework */; };
		D5B9FB5E274AD0D500E6DE6A /* ApexStoreModule.framework in Embed Frameworks */ = {isa = PBXBuildFile; fileRef = D5B9FB5C274AD0D500E6DE6A /* ApexStoreModule.framework */; settings = {ATTRIBUTES = (CodeSignOnCopy, RemoveHeadersOnCopy, ); }; };
		D5DD453726F3847800423465 /* SearchSuccessful.json in Resources */ = {isa = PBXBuildFile; fileRef = D5DD453626F3847800423465 /* SearchSuccessful.json */; };
/* End PBXBuildFile section */

/* Begin PBXContainerItemProxy section */
		7D9CD6F0269883F1000450E0 /* PBXContainerItemProxy */ = {
			isa = PBXContainerItemProxy;
			containerPortal = 7D9CD6DC269883F1000450E0 /* Project object */;
			proxyType = 1;
			remoteGlobalIDString = 7D9CD6E4269883F1000450E0;
			remoteInfo = ApexSearchModule;
		};
/* End PBXContainerItemProxy section */

/* Begin PBXCopyFilesBuildPhase section */
		7D9CD77426988B05000450E0 /* Embed Frameworks */ = {
			isa = PBXCopyFilesBuildPhase;
			buildActionMask = 2147483647;
			dstPath = "";
			dstSubfolderSpec = 10;
			files = (
				7D9CD77A26988B19000450E0 /* ApexCoreUI.framework in Embed Frameworks */,
				D5B9FB5E274AD0D500E6DE6A /* ApexStoreModule.framework in Embed Frameworks */,
				7D9CD77D26988B21000450E0 /* ApexConfiguration.framework in Embed Frameworks */,
				7D9CD77326988B05000450E0 /* ApexCore.framework in Embed Frameworks */,
				7D9CD77726988B0D000450E0 /* ApexNetwork.framework in Embed Frameworks */,
			);
			name = "Embed Frameworks";
			runOnlyForDeploymentPostprocessing = 0;
		};
/* End PBXCopyFilesBuildPhase section */

/* Begin PBXFileReference section */
		7D338CDC2AFEE28400EC0256 /* SearchApplicationsView.swift */ = {isa = PBXFileReference; lastKnownFileType = sourcecode.swift; path = SearchApplicationsView.swift; sourceTree = "<group>"; };
		7D338CDE2AFEE2A400EC0256 /* SearchApplicationsViewModel.swift */ = {isa = PBXFileReference; lastKnownFileType = sourcecode.swift; path = SearchApplicationsViewModel.swift; sourceTree = "<group>"; };
		7D338CE02AFFC57800EC0256 /* SearchApplicationsContentView.swift */ = {isa = PBXFileReference; lastKnownFileType = sourcecode.swift; path = SearchApplicationsContentView.swift; sourceTree = "<group>"; };
		7D338CE22AFFC62800EC0256 /* SearchApplicationsViewModel+Reduce.swift */ = {isa = PBXFileReference; lastKnownFileType = sourcecode.swift; path = "SearchApplicationsViewModel+Reduce.swift"; sourceTree = "<group>"; };
		7D38FBBC269ECD4800D9E80A /* DataManager+Search.swift */ = {isa = PBXFileReference; lastKnownFileType = sourcecode.swift; path = "DataManager+Search.swift"; sourceTree = "<group>"; };
		7D9CD6E5269883F1000450E0 /* ApexSearchModule.framework */ = {isa = PBXFileReference; explicitFileType = wrapper.framework; includeInIndex = 0; path = ApexSearchModule.framework; sourceTree = BUILT_PRODUCTS_DIR; };
		7D9CD6E8269883F1000450E0 /* ApexSearchModule.h */ = {isa = PBXFileReference; lastKnownFileType = sourcecode.c.h; path = ApexSearchModule.h; sourceTree = "<group>"; };
		7D9CD6E9269883F1000450E0 /* Info.plist */ = {isa = PBXFileReference; lastKnownFileType = text.plist.xml; path = Info.plist; sourceTree = "<group>"; };
		7D9CD6EE269883F1000450E0 /* ApexSearchModuleTests.xctest */ = {isa = PBXFileReference; explicitFileType = wrapper.cfbundle; includeInIndex = 0; path = ApexSearchModuleTests.xctest; sourceTree = BUILT_PRODUCTS_DIR; };
		7D9CD6F3269883F1000450E0 /* ApexSearchModuleTests.swift */ = {isa = PBXFileReference; lastKnownFileType = sourcecode.swift; path = ApexSearchModuleTests.swift; sourceTree = "<group>"; };
		7D9CD6F5269883F1000450E0 /* Info.plist */ = {isa = PBXFileReference; lastKnownFileType = text.plist.xml; path = Info.plist; sourceTree = "<group>"; };
		7D9CD77126988B05000450E0 /* ApexCore.framework */ = {isa = PBXFileReference; explicitFileType = wrapper.framework; path = ApexCore.framework; sourceTree = BUILT_PRODUCTS_DIR; };
		7D9CD77526988B0D000450E0 /* ApexNetwork.framework */ = {isa = PBXFileReference; explicitFileType = wrapper.framework; path = ApexNetwork.framework; sourceTree = BUILT_PRODUCTS_DIR; };
		7D9CD77826988B19000450E0 /* ApexCoreUI.framework */ = {isa = PBXFileReference; explicitFileType = wrapper.framework; path = ApexCoreUI.framework; sourceTree = BUILT_PRODUCTS_DIR; };
		7D9CD77B26988B21000450E0 /* ApexConfiguration.framework */ = {isa = PBXFileReference; explicitFileType = wrapper.framework; path = ApexConfiguration.framework; sourceTree = BUILT_PRODUCTS_DIR; };
		7D9CD78C26988B7D000450E0 /* ApexReviewsModule.framework */ = {isa = PBXFileReference; explicitFileType = wrapper.framework; path = ApexReviewsModule.framework; sourceTree = BUILT_PRODUCTS_DIR; };
		7DA999B1269BA5AD008DDBA9 /* SearchResultRowItem.swift */ = {isa = PBXFileReference; lastKnownFileType = sourcecode.swift; path = SearchResultRowItem.swift; sourceTree = "<group>"; };
		7DA999B5269BA74C008DDBA9 /* DataRequester+Search.swift */ = {isa = PBXFileReference; lastKnownFileType = sourcecode.swift; path = "DataRequester+Search.swift"; sourceTree = "<group>"; };
		7DA999B7269CE1A9008DDBA9 /* SearchResultsDTOMapper.swift */ = {isa = PBXFileReference; lastKnownFileType = sourcecode.swift; path = SearchResultsDTOMapper.swift; sourceTree = "<group>"; };
		7DA999B9269CE1F5008DDBA9 /* SearchResultsDTO.swift */ = {isa = PBXFileReference; lastKnownFileType = sourcecode.swift; path = SearchResultsDTO.swift; sourceTree = "<group>"; };
		7DA999BE269CE85C008DDBA9 /* SearchResultRow.swift */ = {isa = PBXFileReference; lastKnownFileType = sourcecode.swift; path = SearchResultRow.swift; sourceTree = "<group>"; };
		7DA999C0269CE8A3008DDBA9 /* SearchResultsList.swift */ = {isa = PBXFileReference; lastKnownFileType = sourcecode.swift; path = SearchResultsList.swift; sourceTree = "<group>"; };
		D5023F4F274F089200E10942 /* SelectAppStoreView.swift */ = {isa = PBXFileReference; lastKnownFileType = sourcecode.swift; path = SelectAppStoreView.swift; sourceTree = "<group>"; };
		D5023F53274F0A4900E10942 /* AppStoreDTO.swift */ = {isa = PBXFileReference; lastKnownFileType = sourcecode.swift; path = AppStoreDTO.swift; sourceTree = "<group>"; };
		D5023F55274F0AB000E10942 /* AppStoreLocalRepository.swift */ = {isa = PBXFileReference; lastKnownFileType = sourcecode.swift; path = AppStoreLocalRepository.swift; sourceTree = "<group>"; };
		D5023F57274F0B6F00E10942 /* AppStoreManager.swift */ = {isa = PBXFileReference; lastKnownFileType = sourcecode.swift; path = AppStoreManager.swift; sourceTree = "<group>"; };
		D5023F59274F0BBB00E10942 /* AppStore.swift */ = {isa = PBXFileReference; lastKnownFileType = sourcecode.swift; path = AppStore.swift; sourceTree = "<group>"; };
		D5023F5B274F0CAD00E10942 /* AppStoreDTOMapper.swift */ = {isa = PBXFileReference; lastKnownFileType = sourcecode.swift; path = AppStoreDTOMapper.swift; sourceTree = "<group>"; };
		D5023F60274F0E7A00E10942 /* AppStoreRow.swift */ = {isa = PBXFileReference; lastKnownFileType = sourcecode.swift; path = AppStoreRow.swift; sourceTree = "<group>"; };
		D5023F65274F0F0A00E10942 /* SelectAppStoreViewModel.swift */ = {isa = PBXFileReference; lastKnownFileType = sourcecode.swift; path = SelectAppStoreViewModel.swift; sourceTree = "<group>"; };
		D5023F6A274FA12400E10942 /* SearchAppsView.swift */ = {isa = PBXFileReference; lastKnownFileType = sourcecode.swift; path = SearchAppsView.swift; sourceTree = "<group>"; };
		D5023F6C274FA20200E10942 /* SearchAppsViewModel.swift */ = {isa = PBXFileReference; lastKnownFileType = sourcecode.swift; path = SearchAppsViewModel.swift; sourceTree = "<group>"; };
		D5023F6E274FA21200E10942 /* SearchAppsViewModel+Reduce.swift */ = {isa = PBXFileReference; lastKnownFileType = sourcecode.swift; path = "SearchAppsViewModel+Reduce.swift"; sourceTree = "<group>"; };
		D5023F70274FA34E00E10942 /* SearchAppsContentView.swift */ = {isa = PBXFileReference; lastKnownFileType = sourcecode.swift; path = SearchAppsContentView.swift; sourceTree = "<group>"; };
		D596104627468B0C00E256F8 /* ApexSettingsModule.framework */ = {isa = PBXFileReference; explicitFileType = wrapper.framework; path = ApexSettingsModule.framework; sourceTree = BUILT_PRODUCTS_DIR; };
		D5B9FB5C274AD0D500E6DE6A /* ApexStoreModule.framework */ = {isa = PBXFileReference; explicitFileType = wrapper.framework; path = ApexStoreModule.framework; sourceTree = BUILT_PRODUCTS_DIR; };
		D5DD453626F3847800423465 /* SearchSuccessful.json */ = {isa = PBXFileReference; lastKnownFileType = text.json; path = SearchSuccessful.json; sourceTree = "<group>"; };
/* End PBXFileReference section */

/* Begin PBXFrameworksBuildPhase section */
		7D9CD6E2269883F1000450E0 /* Frameworks */ = {
			isa = PBXFrameworksBuildPhase;
			buildActionMask = 2147483647;
			files = (
				7D9CD77926988B19000450E0 /* ApexCoreUI.framework in Frameworks */,
				D5B9FB5D274AD0D500E6DE6A /* ApexStoreModule.framework in Frameworks */,
				7D9CD77C26988B21000450E0 /* ApexConfiguration.framework in Frameworks */,
				7D9CD77226988B05000450E0 /* ApexCore.framework in Frameworks */,
				7D9CD77626988B0D000450E0 /* ApexNetwork.framework in Frameworks */,
			);
			runOnlyForDeploymentPostprocessing = 0;
		};
		7D9CD6EB269883F1000450E0 /* Frameworks */ = {
			isa = PBXFrameworksBuildPhase;
			buildActionMask = 2147483647;
			files = (
				7D9CD6EF269883F1000450E0 /* ApexSearchModule.framework in Frameworks */,
			);
			runOnlyForDeploymentPostprocessing = 0;
		};
/* End PBXFrameworksBuildPhase section */

/* Begin PBXGroup section */
		7D9CD6DB269883F1000450E0 = {
			isa = PBXGroup;
			children = (
				7D9CD6E7269883F1000450E0 /* ApexSearchModule */,
				7D9CD6F2269883F1000450E0 /* ApexSearchModuleTests */,
				7D9CD6E6269883F1000450E0 /* Products */,
				7D9CD77026988B05000450E0 /* Frameworks */,
			);
			sourceTree = "<group>";
		};
		7D9CD6E6269883F1000450E0 /* Products */ = {
			isa = PBXGroup;
			children = (
				7D9CD6E5269883F1000450E0 /* ApexSearchModule.framework */,
				7D9CD6EE269883F1000450E0 /* ApexSearchModuleTests.xctest */,
			);
			name = Products;
			sourceTree = "<group>";
		};
		7D9CD6E7269883F1000450E0 /* ApexSearchModule */ = {
			isa = PBXGroup;
			children = (
				7D9CD6E8269883F1000450E0 /* ApexSearchModule.h */,
				7D9CD6E9269883F1000450E0 /* Info.plist */,
				D5023F51274F09F900E10942 /* AppStore */,
				D5023F52274F0A1E00E10942 /* Search Apps */,
			);
			path = ApexSearchModule;
			sourceTree = "<group>";
		};
		7D9CD6F2269883F1000450E0 /* ApexSearchModuleTests */ = {
			isa = PBXGroup;
			children = (
				7D9CD6F3269883F1000450E0 /* ApexSearchModuleTests.swift */,
				7D9CD6F5269883F1000450E0 /* Info.plist */,
				D5DD453826F3848500423465 /* Resources */,
			);
			path = ApexSearchModuleTests;
			sourceTree = "<group>";
		};
		7D9CD77026988B05000450E0 /* Frameworks */ = {
			isa = PBXGroup;
			children = (
				D5B9FB5C274AD0D500E6DE6A /* ApexStoreModule.framework */,
				D596104627468B0C00E256F8 /* ApexSettingsModule.framework */,
				7D9CD78C26988B7D000450E0 /* ApexReviewsModule.framework */,
				7D9CD77B26988B21000450E0 /* ApexConfiguration.framework */,
				7D9CD77826988B19000450E0 /* ApexCoreUI.framework */,
				7D9CD77526988B0D000450E0 /* ApexNetwork.framework */,
				7D9CD77126988B05000450E0 /* ApexCore.framework */,
			);
			name = Frameworks;
			sourceTree = "<group>";
		};
		7DA999BB269CE431008DDBA9 /* Domain Layer */ = {
			isa = PBXGroup;
			children = (
				7DA999B7269CE1A9008DDBA9 /* SearchResultsDTOMapper.swift */,
				7D38FBBC269ECD4800D9E80A /* DataManager+Search.swift */,
			);
			path = "Domain Layer";
			sourceTree = "<group>";
		};
		7DA999BC269CE440008DDBA9 /* Data Services Layer */ = {
			isa = PBXGroup;
			children = (
				7DA999B5269BA74C008DDBA9 /* DataRequester+Search.swift */,
				7DA999B9269CE1F5008DDBA9 /* SearchResultsDTO.swift */,
			);
			path = "Data Services Layer";
			sourceTree = "<group>";
		};
		7DA999BD269CE44C008DDBA9 /* Presentation Layer */ = {
			isa = PBXGroup;
			children = (
				7DA999C2269CE8DB008DDBA9 /* Views */,
				7DA999C3269CE8E2008DDBA9 /* View Models */,
				7D338CDC2AFEE28400EC0256 /* SearchApplicationsView.swift */,
				7D338CE02AFFC57800EC0256 /* SearchApplicationsContentView.swift */,
				7D338CDE2AFEE2A400EC0256 /* SearchApplicationsViewModel.swift */,
				7D338CE22AFFC62800EC0256 /* SearchApplicationsViewModel+Reduce.swift */,
			);
			path = "Presentation Layer";
			sourceTree = "<group>";
		};
		7DA999C2269CE8DB008DDBA9 /* Views */ = {
			isa = PBXGroup;
			children = (
				D5023F6A274FA12400E10942 /* SearchAppsView.swift */,
				D5023F70274FA34E00E10942 /* SearchAppsContentView.swift */,
				7DA999C0269CE8A3008DDBA9 /* SearchResultsList.swift */,
				7DA999BE269CE85C008DDBA9 /* SearchResultRow.swift */,
			);
			path = Views;
			sourceTree = "<group>";
		};
		7DA999C3269CE8E2008DDBA9 /* View Models */ = {
			isa = PBXGroup;
			children = (
				7DA999B1269BA5AD008DDBA9 /* SearchResultRowItem.swift */,
				D5023F6C274FA20200E10942 /* SearchAppsViewModel.swift */,
				D5023F6E274FA21200E10942 /* SearchAppsViewModel+Reduce.swift */,
			);
			path = "View Models";
			sourceTree = "<group>";
		};
		D5023F51274F09F900E10942 /* AppStore */ = {
			isa = PBXGroup;
			children = (
				D5023F5F274F0E2B00E10942 /* Presentation Layer */,
				D5023F5E274F0E1400E10942 /* Domain Layer */,
				D5023F5D274F0DFE00E10942 /* Data Services Layer */,
			);
			path = AppStore;
			sourceTree = "<group>";
		};
		D5023F52274F0A1E00E10942 /* Search Apps */ = {
			isa = PBXGroup;
			children = (
				7DA999BD269CE44C008DDBA9 /* Presentation Layer */,
				7DA999BB269CE431008DDBA9 /* Domain Layer */,
				7DA999BC269CE440008DDBA9 /* Data Services Layer */,
			);
			path = "Search Apps";
			sourceTree = "<group>";
		};
		D5023F5D274F0DFE00E10942 /* Data Services Layer */ = {
			isa = PBXGroup;
			children = (
				D5023F55274F0AB000E10942 /* AppStoreLocalRepository.swift */,
				D5023F53274F0A4900E10942 /* AppStoreDTO.swift */,
			);
			path = "Data Services Layer";
			sourceTree = "<group>";
		};
		D5023F5E274F0E1400E10942 /* Domain Layer */ = {
			isa = PBXGroup;
			children = (
				D5023F59274F0BBB00E10942 /* AppStore.swift */,
				D5023F57274F0B6F00E10942 /* AppStoreManager.swift */,
				D5023F5B274F0CAD00E10942 /* AppStoreDTOMapper.swift */,
			);
			path = "Domain Layer";
			sourceTree = "<group>";
		};
		D5023F5F274F0E2B00E10942 /* Presentation Layer */ = {
			isa = PBXGroup;
			children = (
				D5023F64274F0EEA00E10942 /* Views */,
				D5023F67274F0F1400E10942 /* View Models */,
			);
			path = "Presentation Layer";
			sourceTree = "<group>";
		};
		D5023F64274F0EEA00E10942 /* Views */ = {
			isa = PBXGroup;
			children = (
				D5023F4F274F089200E10942 /* SelectAppStoreView.swift */,
				D5023F60274F0E7A00E10942 /* AppStoreRow.swift */,
			);
			path = Views;
			sourceTree = "<group>";
		};
		D5023F67274F0F1400E10942 /* View Models */ = {
			isa = PBXGroup;
			children = (
				D5023F65274F0F0A00E10942 /* SelectAppStoreViewModel.swift */,
			);
			path = "View Models";
			sourceTree = "<group>";
		};
		D5DD453826F3848500423465 /* Resources */ = {
			isa = PBXGroup;
			children = (
				D5DD453626F3847800423465 /* SearchSuccessful.json */,
			);
			path = Resources;
			sourceTree = "<group>";
		};
/* End PBXGroup section */

/* Begin PBXHeadersBuildPhase section */
		7D9CD6E0269883F1000450E0 /* Headers */ = {
			isa = PBXHeadersBuildPhase;
			buildActionMask = 2147483647;
			files = (
				7D9CD6F6269883F1000450E0 /* ApexSearchModule.h in Headers */,
			);
			runOnlyForDeploymentPostprocessing = 0;
		};
/* End PBXHeadersBuildPhase section */

/* Begin PBXNativeTarget section */
		7D9CD6E4269883F1000450E0 /* ApexSearchModule */ = {
			isa = PBXNativeTarget;
			buildConfigurationList = 7D9CD6F9269883F1000450E0 /* Build configuration list for PBXNativeTarget "ApexSearchModule" */;
			buildPhases = (
				7D9CD6E0269883F1000450E0 /* Headers */,
				7D9CD6E1269883F1000450E0 /* Sources */,
				7D9CD6E2269883F1000450E0 /* Frameworks */,
				7D9CD6E3269883F1000450E0 /* Resources */,
				7D9CD77426988B05000450E0 /* Embed Frameworks */,
			);
			buildRules = (
			);
			dependencies = (
			);
			name = ApexSearchModule;
			productName = ApexSearchModule;
			productReference = 7D9CD6E5269883F1000450E0 /* ApexSearchModule.framework */;
			productType = "com.apple.product-type.framework";
		};
		7D9CD6ED269883F1000450E0 /* ApexSearchModuleTests */ = {
			isa = PBXNativeTarget;
			buildConfigurationList = 7D9CD6FC269883F1000450E0 /* Build configuration list for PBXNativeTarget "ApexSearchModuleTests" */;
			buildPhases = (
				7D9CD6EA269883F1000450E0 /* Sources */,
				7D9CD6EB269883F1000450E0 /* Frameworks */,
				7D9CD6EC269883F1000450E0 /* Resources */,
			);
			buildRules = (
			);
			dependencies = (
				7D9CD6F1269883F1000450E0 /* PBXTargetDependency */,
			);
			name = ApexSearchModuleTests;
			productName = ApexSearchModuleTests;
			productReference = 7D9CD6EE269883F1000450E0 /* ApexSearchModuleTests.xctest */;
			productType = "com.apple.product-type.bundle.unit-test";
		};
/* End PBXNativeTarget section */

/* Begin PBXProject section */
		7D9CD6DC269883F1000450E0 /* Project object */ = {
			isa = PBXProject;
			attributes = {
				LastSwiftUpdateCheck = 1250;
				LastUpgradeCheck = 1250;
				TargetAttributes = {
					7D9CD6E4269883F1000450E0 = {
						CreatedOnToolsVersion = 12.5.1;
						LastSwiftMigration = 1250;
					};
					7D9CD6ED269883F1000450E0 = {
						CreatedOnToolsVersion = 12.5.1;
					};
				};
			};
			buildConfigurationList = 7D9CD6DF269883F1000450E0 /* Build configuration list for PBXProject "ApexSearchModule" */;
			compatibilityVersion = "Xcode 9.3";
			developmentRegion = en;
			hasScannedForEncodings = 0;
			knownRegions = (
				en,
				Base,
			);
			mainGroup = 7D9CD6DB269883F1000450E0;
			productRefGroup = 7D9CD6E6269883F1000450E0 /* Products */;
			projectDirPath = "";
			projectRoot = "";
			targets = (
				7D9CD6E4269883F1000450E0 /* ApexSearchModule */,
				7D9CD6ED269883F1000450E0 /* ApexSearchModuleTests */,
			);
		};
/* End PBXProject section */

/* Begin PBXResourcesBuildPhase section */
		7D9CD6E3269883F1000450E0 /* Resources */ = {
			isa = PBXResourcesBuildPhase;
			buildActionMask = 2147483647;
			files = (
			);
			runOnlyForDeploymentPostprocessing = 0;
		};
		7D9CD6EC269883F1000450E0 /* Resources */ = {
			isa = PBXResourcesBuildPhase;
			buildActionMask = 2147483647;
			files = (
				D5DD453726F3847800423465 /* SearchSuccessful.json in Resources */,
			);
			runOnlyForDeploymentPostprocessing = 0;
		};
/* End PBXResourcesBuildPhase section */

/* Begin PBXSourcesBuildPhase section */
		7D9CD6E1269883F1000450E0 /* Sources */ = {
			isa = PBXSourcesBuildPhase;
			buildActionMask = 2147483647;
			files = (
				7DA999C1269CE8A3008DDBA9 /* SearchResultsList.swift in Sources */,
				7D38FBBD269ECD4800D9E80A /* DataManager+Search.swift in Sources */,
				D5023F6D274FA20200E10942 /* SearchAppsViewModel.swift in Sources */,
				D5023F6F274FA21200E10942 /* SearchAppsViewModel+Reduce.swift in Sources */,
				7DA999BA269CE1F5008DDBA9 /* SearchResultsDTO.swift in Sources */,
				D5023F54274F0A4900E10942 /* AppStoreDTO.swift in Sources */,
				7D338CDF2AFEE2A400EC0256 /* SearchApplicationsViewModel.swift in Sources */,
				7D338CE12AFFC57800EC0256 /* SearchApplicationsContentView.swift in Sources */,
				D5023F66274F0F0A00E10942 /* SelectAppStoreViewModel.swift in Sources */,
				D5023F5C274F0CAD00E10942 /* AppStoreDTOMapper.swift in Sources */,
				7DA999B8269CE1A9008DDBA9 /* SearchResultsDTOMapper.swift in Sources */,
				7DA999B2269BA5AD008DDBA9 /* SearchResultRowItem.swift in Sources */,
				D5023F50274F089200E10942 /* SelectAppStoreView.swift in Sources */,
				D5023F5A274F0BBB00E10942 /* AppStore.swift in Sources */,
				D5023F71274FA34E00E10942 /* SearchAppsContentView.swift in Sources */,
				D5023F6B274FA12400E10942 /* SearchAppsView.swift in Sources */,
				D5023F58274F0B6F00E10942 /* AppStoreManager.swift in Sources */,
				7DA999BF269CE85C008DDBA9 /* SearchResultRow.swift in Sources */,
				D5023F61274F0E7A00E10942 /* AppStoreRow.swift in Sources */,
				D5023F56274F0AB000E10942 /* AppStoreLocalRepository.swift in Sources */,
				7D338CE32AFFC62800EC0256 /* SearchApplicationsViewModel+Reduce.swift in Sources */,
				7DA999B6269BA74C008DDBA9 /* DataRequester+Search.swift in Sources */,
				7D338CDD2AFEE28400EC0256 /* SearchApplicationsView.swift in Sources */,
			);
			runOnlyForDeploymentPostprocessing = 0;
		};
		7D9CD6EA269883F1000450E0 /* Sources */ = {
			isa = PBXSourcesBuildPhase;
			buildActionMask = 2147483647;
			files = (
				7D9CD6F4269883F1000450E0 /* ApexSearchModuleTests.swift in Sources */,
			);
			runOnlyForDeploymentPostprocessing = 0;
		};
/* End PBXSourcesBuildPhase section */

/* Begin PBXTargetDependency section */
		7D9CD6F1269883F1000450E0 /* PBXTargetDependency */ = {
			isa = PBXTargetDependency;
			target = 7D9CD6E4269883F1000450E0 /* ApexSearchModule */;
			targetProxy = 7D9CD6F0269883F1000450E0 /* PBXContainerItemProxy */;
		};
/* End PBXTargetDependency section */

/* Begin XCBuildConfiguration section */
		7D9CD6F7269883F1000450E0 /* Debug */ = {
			isa = XCBuildConfiguration;
			buildSettings = {
				ALWAYS_SEARCH_USER_PATHS = NO;
				CLANG_ANALYZER_NONNULL = YES;
				CLANG_ANALYZER_NUMBER_OBJECT_CONVERSION = YES_AGGRESSIVE;
				CLANG_CXX_LANGUAGE_STANDARD = "gnu++14";
				CLANG_CXX_LIBRARY = "libc++";
				CLANG_ENABLE_MODULES = YES;
				CLANG_ENABLE_OBJC_ARC = YES;
				CLANG_ENABLE_OBJC_WEAK = YES;
				CLANG_WARN_BLOCK_CAPTURE_AUTORELEASING = YES;
				CLANG_WARN_BOOL_CONVERSION = YES;
				CLANG_WARN_COMMA = YES;
				CLANG_WARN_CONSTANT_CONVERSION = YES;
				CLANG_WARN_DEPRECATED_OBJC_IMPLEMENTATIONS = YES;
				CLANG_WARN_DIRECT_OBJC_ISA_USAGE = YES_ERROR;
				CLANG_WARN_DOCUMENTATION_COMMENTS = YES;
				CLANG_WARN_EMPTY_BODY = YES;
				CLANG_WARN_ENUM_CONVERSION = YES;
				CLANG_WARN_INFINITE_RECURSION = YES;
				CLANG_WARN_INT_CONVERSION = YES;
				CLANG_WARN_NON_LITERAL_NULL_CONVERSION = YES;
				CLANG_WARN_OBJC_IMPLICIT_RETAIN_SELF = YES;
				CLANG_WARN_OBJC_LITERAL_CONVERSION = YES;
				CLANG_WARN_OBJC_ROOT_CLASS = YES_ERROR;
				CLANG_WARN_QUOTED_INCLUDE_IN_FRAMEWORK_HEADER = YES;
				CLANG_WARN_RANGE_LOOP_ANALYSIS = YES;
				CLANG_WARN_STRICT_PROTOTYPES = YES;
				CLANG_WARN_SUSPICIOUS_MOVE = YES;
				CLANG_WARN_UNGUARDED_AVAILABILITY = YES_AGGRESSIVE;
				CLANG_WARN_UNREACHABLE_CODE = YES;
				CLANG_WARN__DUPLICATE_METHOD_MATCH = YES;
				COPY_PHASE_STRIP = NO;
				CURRENT_PROJECT_VERSION = 1;
				DEBUG_INFORMATION_FORMAT = dwarf;
				ENABLE_STRICT_OBJC_MSGSEND = YES;
				ENABLE_TESTABILITY = YES;
				GCC_C_LANGUAGE_STANDARD = gnu11;
				GCC_DYNAMIC_NO_PIC = NO;
				GCC_NO_COMMON_BLOCKS = YES;
				GCC_OPTIMIZATION_LEVEL = 0;
				GCC_PREPROCESSOR_DEFINITIONS = (
					"DEBUG=1",
					"$(inherited)",
				);
				GCC_WARN_64_TO_32_BIT_CONVERSION = YES;
				GCC_WARN_ABOUT_RETURN_TYPE = YES_ERROR;
				GCC_WARN_UNDECLARED_SELECTOR = YES;
				GCC_WARN_UNINITIALIZED_AUTOS = YES_AGGRESSIVE;
				GCC_WARN_UNUSED_FUNCTION = YES;
				GCC_WARN_UNUSED_VARIABLE = YES;
				IPHONEOS_DEPLOYMENT_TARGET = 16.0;
				MTL_ENABLE_DEBUG_INFO = INCLUDE_SOURCE;
				MTL_FAST_MATH = YES;
				ONLY_ACTIVE_ARCH = YES;
				SDKROOT = iphoneos;
				SWIFT_ACTIVE_COMPILATION_CONDITIONS = DEBUG;
				SWIFT_OPTIMIZATION_LEVEL = "-Onone";
				VERSIONING_SYSTEM = "apple-generic";
				VERSION_INFO_PREFIX = "";
			};
			name = Debug;
		};
		7D9CD6F8269883F1000450E0 /* Release */ = {
			isa = XCBuildConfiguration;
			buildSettings = {
				ALWAYS_SEARCH_USER_PATHS = NO;
				CLANG_ANALYZER_NONNULL = YES;
				CLANG_ANALYZER_NUMBER_OBJECT_CONVERSION = YES_AGGRESSIVE;
				CLANG_CXX_LANGUAGE_STANDARD = "gnu++14";
				CLANG_CXX_LIBRARY = "libc++";
				CLANG_ENABLE_MODULES = YES;
				CLANG_ENABLE_OBJC_ARC = YES;
				CLANG_ENABLE_OBJC_WEAK = YES;
				CLANG_WARN_BLOCK_CAPTURE_AUTORELEASING = YES;
				CLANG_WARN_BOOL_CONVERSION = YES;
				CLANG_WARN_COMMA = YES;
				CLANG_WARN_CONSTANT_CONVERSION = YES;
				CLANG_WARN_DEPRECATED_OBJC_IMPLEMENTATIONS = YES;
				CLANG_WARN_DIRECT_OBJC_ISA_USAGE = YES_ERROR;
				CLANG_WARN_DOCUMENTATION_COMMENTS = YES;
				CLANG_WARN_EMPTY_BODY = YES;
				CLANG_WARN_ENUM_CONVERSION = YES;
				CLANG_WARN_INFINITE_RECURSION = YES;
				CLANG_WARN_INT_CONVERSION = YES;
				CLANG_WARN_NON_LITERAL_NULL_CONVERSION = YES;
				CLANG_WARN_OBJC_IMPLICIT_RETAIN_SELF = YES;
				CLANG_WARN_OBJC_LITERAL_CONVERSION = YES;
				CLANG_WARN_OBJC_ROOT_CLASS = YES_ERROR;
				CLANG_WARN_QUOTED_INCLUDE_IN_FRAMEWORK_HEADER = YES;
				CLANG_WARN_RANGE_LOOP_ANALYSIS = YES;
				CLANG_WARN_STRICT_PROTOTYPES = YES;
				CLANG_WARN_SUSPICIOUS_MOVE = YES;
				CLANG_WARN_UNGUARDED_AVAILABILITY = YES_AGGRESSIVE;
				CLANG_WARN_UNREACHABLE_CODE = YES;
				CLANG_WARN__DUPLICATE_METHOD_MATCH = YES;
				COPY_PHASE_STRIP = NO;
				CURRENT_PROJECT_VERSION = 1;
				DEBUG_INFORMATION_FORMAT = "dwarf-with-dsym";
				ENABLE_NS_ASSERTIONS = NO;
				ENABLE_STRICT_OBJC_MSGSEND = YES;
				GCC_C_LANGUAGE_STANDARD = gnu11;
				GCC_NO_COMMON_BLOCKS = YES;
				GCC_WARN_64_TO_32_BIT_CONVERSION = YES;
				GCC_WARN_ABOUT_RETURN_TYPE = YES_ERROR;
				GCC_WARN_UNDECLARED_SELECTOR = YES;
				GCC_WARN_UNINITIALIZED_AUTOS = YES_AGGRESSIVE;
				GCC_WARN_UNUSED_FUNCTION = YES;
				GCC_WARN_UNUSED_VARIABLE = YES;
				IPHONEOS_DEPLOYMENT_TARGET = 16.0;
				MTL_ENABLE_DEBUG_INFO = NO;
				MTL_FAST_MATH = YES;
				SDKROOT = iphoneos;
				SWIFT_COMPILATION_MODE = wholemodule;
				SWIFT_OPTIMIZATION_LEVEL = "-O";
				VALIDATE_PRODUCT = YES;
				VERSIONING_SYSTEM = "apple-generic";
				VERSION_INFO_PREFIX = "";
			};
			name = Release;
		};
		7D9CD6FA269883F1000450E0 /* Debug */ = {
			isa = XCBuildConfiguration;
			buildSettings = {
				CLANG_ENABLE_MODULES = YES;
				CODE_SIGN_STYLE = Automatic;
				DEFINES_MODULE = YES;
				DEVELOPMENT_TEAM = SZCLCNB53G;
				DYLIB_COMPATIBILITY_VERSION = 1;
				DYLIB_CURRENT_VERSION = 1;
				DYLIB_INSTALL_NAME_BASE = "@rpath";
				INFOPLIST_FILE = ApexSearchModule/Info.plist;
				INSTALL_PATH = "$(LOCAL_LIBRARY_DIR)/Frameworks";
				LD_RUNPATH_SEARCH_PATHS = (
					"$(inherited)",
					"@executable_path/Frameworks",
					"@loader_path/Frameworks",
				);
				PRODUCT_BUNDLE_IDENTIFIER = com.olsamaja.ApexSearchModule;
				PRODUCT_NAME = "$(TARGET_NAME:c99extidentifier)";
				SKIP_INSTALL = YES;
				SWIFT_OPTIMIZATION_LEVEL = "-Onone";
				SWIFT_VERSION = 5.0;
				TARGETED_DEVICE_FAMILY = "1,2";
			};
			name = Debug;
		};
		7D9CD6FB269883F1000450E0 /* Release */ = {
			isa = XCBuildConfiguration;
			buildSettings = {
				CLANG_ENABLE_MODULES = YES;
				CODE_SIGN_STYLE = Automatic;
				DEFINES_MODULE = YES;
				DEVELOPMENT_TEAM = SZCLCNB53G;
				DYLIB_COMPATIBILITY_VERSION = 1;
				DYLIB_CURRENT_VERSION = 1;
				DYLIB_INSTALL_NAME_BASE = "@rpath";
				INFOPLIST_FILE = ApexSearchModule/Info.plist;
				INSTALL_PATH = "$(LOCAL_LIBRARY_DIR)/Frameworks";
				LD_RUNPATH_SEARCH_PATHS = (
					"$(inherited)",
					"@executable_path/Frameworks",
					"@loader_path/Frameworks",
				);
				PRODUCT_BUNDLE_IDENTIFIER = com.olsamaja.ApexSearchModule;
				PRODUCT_NAME = "$(TARGET_NAME:c99extidentifier)";
				SKIP_INSTALL = YES;
				SWIFT_VERSION = 5.0;
				TARGETED_DEVICE_FAMILY = "1,2";
			};
			name = Release;
		};
		7D9CD6FD269883F1000450E0 /* Debug */ = {
			isa = XCBuildConfiguration;
			buildSettings = {
				ALWAYS_EMBED_SWIFT_STANDARD_LIBRARIES = YES;
				CODE_SIGN_STYLE = Automatic;
				DEVELOPMENT_TEAM = SZCLCNB53G;
				INFOPLIST_FILE = ApexSearchModuleTests/Info.plist;
				LD_RUNPATH_SEARCH_PATHS = (
					"$(inherited)",
					"@executable_path/Frameworks",
					"@loader_path/Frameworks",
				);
				PRODUCT_BUNDLE_IDENTIFIER = com.olsamaja.ApexSearchModuleTests;
				PRODUCT_NAME = "$(TARGET_NAME)";
				SWIFT_VERSION = 5.0;
				TARGETED_DEVICE_FAMILY = "1,2";
			};
			name = Debug;
		};
		7D9CD6FE269883F1000450E0 /* Release */ = {
			isa = XCBuildConfiguration;
			buildSettings = {
				ALWAYS_EMBED_SWIFT_STANDARD_LIBRARIES = YES;
				CODE_SIGN_STYLE = Automatic;
				DEVELOPMENT_TEAM = SZCLCNB53G;
				INFOPLIST_FILE = ApexSearchModuleTests/Info.plist;
				LD_RUNPATH_SEARCH_PATHS = (
					"$(inherited)",
					"@executable_path/Frameworks",
					"@loader_path/Frameworks",
				);
				PRODUCT_BUNDLE_IDENTIFIER = com.olsamaja.ApexSearchModuleTests;
				PRODUCT_NAME = "$(TARGET_NAME)";
				SWIFT_VERSION = 5.0;
				TARGETED_DEVICE_FAMILY = "1,2";
			};
			name = Release;
		};
/* End XCBuildConfiguration section */

/* Begin XCConfigurationList section */
		7D9CD6DF269883F1000450E0 /* Build configuration list for PBXProject "ApexSearchModule" */ = {
			isa = XCConfigurationList;
			buildConfigurations = (
				7D9CD6F7269883F1000450E0 /* Debug */,
				7D9CD6F8269883F1000450E0 /* Release */,
			);
			defaultConfigurationIsVisible = 0;
			defaultConfigurationName = Release;
		};
		7D9CD6F9269883F1000450E0 /* Build configuration list for PBXNativeTarget "ApexSearchModule" */ = {
			isa = XCConfigurationList;
			buildConfigurations = (
				7D9CD6FA269883F1000450E0 /* Debug */,
				7D9CD6FB269883F1000450E0 /* Release */,
			);
			defaultConfigurationIsVisible = 0;
			defaultConfigurationName = Release;
		};
		7D9CD6FC269883F1000450E0 /* Build configuration list for PBXNativeTarget "ApexSearchModuleTests" */ = {
			isa = XCConfigurationList;
			buildConfigurations = (
				7D9CD6FD269883F1000450E0 /* Debug */,
				7D9CD6FE269883F1000450E0 /* Release */,
			);
			defaultConfigurationIsVisible = 0;
			defaultConfigurationName = Release;
		};
/* End XCConfigurationList section */
	};
	rootObject = 7D9CD6DC269883F1000450E0 /* Project object */;
}
